
Microsoft Visual Studio Solution File, Format Version 12.00
# Visual Studio Version 17
VisualStudioVersion = 17.3.32901.215
MinimumVisualStudioVersion = 10.0.40219.1
Project("{FAE04EC0-301F-11D3-BF4B-00C04F79EFBC}") = "Zinnatullin_Ruslanka_Game", "Zinnatullin_Ruslanka_Game\Zinnatullin_Ruslanka_Game.csproj", "{A8391CA7-4AA0-404C-A808-9774341F718E}"
EndProject
Global
	GlobalSection(SolutionConfigurationPlatforms) = preSolution
		Debug|Any CPU = Debug|Any CPU
		Release|Any CPU = Release|Any CPU
	EndGlobalSection
	GlobalSection(ProjectConfigurationPlatforms) = postSolution
		{A8391CA7-4AA0-404C-A808-9774341F718E}.Debug|Any CPU.ActiveCfg = Debug|Any CPU
		{A8391CA7-4AA0-404C-A808-9774341F718E}.Debug|Any CPU.Build.0 = Debug|Any CPU
		{A8391CA7-4AA0-404C-A808-9774341F718E}.Release|Any CPU.ActiveCfg = Release|Any CPU
		{A8391CA7-4AA0-404C-A808-9774341F718E}.Release|Any CPU.Build.0 = Release|Any CPU
	EndGlobalSection
	GlobalSection(SolutionProperties) = preSolution
		HideSolutionNode = FALSE
	EndGlobalSection
	GlobalSection(ExtensibilityGlobals) = postSolution
		SolutionGuid = {170E214E-C45E-46F1-89C6-C1612B6BC21D}
	EndGlobalSection
EndGlobal
